
Microsoft Visual Studio Solution File, Format Version 12.00
# Visual Studio Version 16
VisualStudioVersion = 16.0.30611.23
MinimumVisualStudioVersion = 10.0.40219.1
Project("{FAE04EC0-301F-11D3-BF4B-00C04F79EFBC}") = "Vidly2_0", "Vidly2_0.csproj", "{A0761B69-0220-4F46-8D1F-AB5038E48851}"
EndProject
Global
	GlobalSection(SolutionConfigurationPlatforms) = preSolution
		Debug|Any CPU = Debug|Any CPU
		Release|Any CPU = Release|Any CPU
	EndGlobalSection
	GlobalSection(ProjectConfigurationPlatforms) = postSolution
		{A0761B69-0220-4F46-8D1F-AB5038E48851}.Debug|Any CPU.ActiveCfg = Debug|Any CPU
		{A0761B69-0220-4F46-8D1F-AB5038E48851}.Debug|Any CPU.Build.0 = Debug|Any CPU
		{A0761B69-0220-4F46-8D1F-AB5038E48851}.Release|Any CPU.ActiveCfg = Release|Any CPU
		{A0761B69-0220-4F46-8D1F-AB5038E48851}.Release|Any CPU.Build.0 = Release|Any CPU
	EndGlobalSection
	GlobalSection(SolutionProperties) = preSolution
		HideSolutionNode = FALSE
	EndGlobalSection
	GlobalSection(ExtensibilityGlobals) = postSolution
		SolutionGuid = {10B5FAD1-A060-401E-BF53-0BE51364E243}
	EndGlobalSection
EndGlobal
